
Microsoft Visual Studio Solution File, Format Version 12.00
# Visual Studio 15
VisualStudioVersion = 15.0.28307.902
MinimumVisualStudioVersion = 10.0.40219.1
Project("{FAE04EC0-301F-11D3-BF4B-00C04F79EFBC}") = "WindowsFormsApp8", "WindowsFormsApp8\WindowsFormsApp8.csproj", "{10102FF0-2201-4F6E-962F-8D6B038DD656}"
EndProject
Global
	GlobalSection(SolutionConfigurationPlatforms) = preSolution
		Debug|Any CPU = Debug|Any CPU
		Release|Any CPU = Release|Any CPU
	EndGlobalSection
	GlobalSection(ProjectConfigurationPlatforms) = postSolution
		{10102FF0-2201-4F6E-962F-8D6B038DD656}.Debug|Any CPU.ActiveCfg = Debug|Any CPU
		{10102FF0-2201-4F6E-962F-8D6B038DD656}.Debug|Any CPU.Build.0 = Debug|Any CPU
		{10102FF0-2201-4F6E-962F-8D6B038DD656}.Release|Any CPU.ActiveCfg = Release|Any CPU
		{10102FF0-2201-4F6E-962F-8D6B038DD656}.Release|Any CPU.Build.0 = Release|Any CPU
	EndGlobalSection
	GlobalSection(SolutionProperties) = preSolution
		HideSolutionNode = FALSE
	EndGlobalSection
	GlobalSection(ExtensibilityGlobals) = postSolution
		SolutionGuid = {E9D7F9D3-881D-41CC-98AB-42BD5F7D89F0}
	EndGlobalSection
EndGlobal
